
Microsoft Visual Studio Solution File, Format Version 12.00
# Visual Studio Version 17
VisualStudioVersion = 17.11.35327.3
MinimumVisualStudioVersion = 10.0.40219.1
Project("{FAE04EC0-301F-11D3-BF4B-00C04F79EFBC}") = "Data", "TiendaVirtualWEBAPP\Data.csproj", "{F73029A2-E49E-402D-B046-72A9749DB7CC}"
EndProject
Project("{FAE04EC0-301F-11D3-BF4B-00C04F79EFBC}") = "Logic", "Logic\Logic.csproj", "{327AA6F4-C508-4375-97B5-2482CAB3B9E6}"
EndProject
Project("{FAE04EC0-301F-11D3-BF4B-00C04F79EFBC}") = "Presentation", "Presentation\Presentation.csproj", "{CE6AF585-A1DE-4B38-9F0E-761611EBF10E}"
EndProject
Global
	GlobalSection(SolutionConfigurationPlatforms) = preSolution
		Debug|Any CPU = Debug|Any CPU
		Release|Any CPU = Release|Any CPU
	EndGlobalSection
	GlobalSection(ProjectConfigurationPlatforms) = postSolution
		{F73029A2-E49E-402D-B046-72A9749DB7CC}.Debug|Any CPU.ActiveCfg = Debug|Any CPU
		{F73029A2-E49E-402D-B046-72A9749DB7CC}.Debug|Any CPU.Build.0 = Debug|Any CPU
		{F73029A2-E49E-402D-B046-72A9749DB7CC}.Release|Any CPU.ActiveCfg = Release|Any CPU
		{F73029A2-E49E-402D-B046-72A9749DB7CC}.Release|Any CPU.Build.0 = Release|Any CPU
		{327AA6F4-C508-4375-97B5-2482CAB3B9E6}.Debug|Any CPU.ActiveCfg = Debug|Any CPU
		{327AA6F4-C508-4375-97B5-2482CAB3B9E6}.Debug|Any CPU.Build.0 = Debug|Any CPU
		{327AA6F4-C508-4375-97B5-2482CAB3B9E6}.Release|Any CPU.ActiveCfg = Release|Any CPU
		{327AA6F4-C508-4375-97B5-2482CAB3B9E6}.Release|Any CPU.Build.0 = Release|Any CPU
		{CE6AF585-A1DE-4B38-9F0E-761611EBF10E}.Debug|Any CPU.ActiveCfg = Debug|Any CPU
		{CE6AF585-A1DE-4B38-9F0E-761611EBF10E}.Debug|Any CPU.Build.0 = Debug|Any CPU
		{CE6AF585-A1DE-4B38-9F0E-761611EBF10E}.Release|Any CPU.ActiveCfg = Release|Any CPU
		{CE6AF585-A1DE-4B38-9F0E-761611EBF10E}.Release|Any CPU.Build.0 = Release|Any CPU
	EndGlobalSection
	GlobalSection(SolutionProperties) = preSolution
		HideSolutionNode = FALSE
	EndGlobalSection
	GlobalSection(ExtensibilityGlobals) = postSolution
		SolutionGuid = {BC4493F0-C11B-4639-8807-CA5D6B46133E}
	EndGlobalSection
EndGlobal
